// !$*UTF8*$!
{
	archiveVersion = 1;
	classes = {
	};
	objectVersion = 52;
	objects = {

/* Begin PBXBuildFile section */
		1818869525263E970025F796 /* MembershipListViewController.swift in Sources */ = {isa = PBXBuildFile; fileRef = 1818869425263E970025F796 /* MembershipListViewController.swift */; };
		181886982526517D0025F796 /* MembershipsListCell.swift in Sources */ = {isa = PBXBuildFile; fileRef = 181886972526517D0025F796 /* MembershipsListCell.swift */; };
		1818869B25265D7E0025F796 /* GymMembershipPrices.swift in Sources */ = {isa = PBXBuildFile; fileRef = 1818869A25265D7E0025F796 /* GymMembershipPrices.swift */; };
		1847D6212539A8EF00A74467 /* GoogleService-Info.plist in Resources */ = {isa = PBXBuildFile; fileRef = 1847D6202539A8EF00A74467 /* GoogleService-Info.plist */; };
		1854DE20253DF31400D2CC68 /* GymbleLaunchScreen.storyboard in Resources */ = {isa = PBXBuildFile; fileRef = 1854DE1F253DF31400D2CC68 /* GymbleLaunchScreen.storyboard */; };
		187623EC253DB49B00C8448D /* CheckForInternet.swift in Sources */ = {isa = PBXBuildFile; fileRef = 187623EB253DB49B00C8448D /* CheckForInternet.swift */; };
		188E02F52525C9D1007998AE /* AppDelegate.swift in Sources */ = {isa = PBXBuildFile; fileRef = 188E02F42525C9D1007998AE /* AppDelegate.swift */; };
		188E02F72525C9D1007998AE /* SceneDelegate.swift in Sources */ = {isa = PBXBuildFile; fileRef = 188E02F62525C9D1007998AE /* SceneDelegate.swift */; };
		188E02FE2525C9D3007998AE /* Assets.xcassets in Resources */ = {isa = PBXBuildFile; fileRef = 188E02FD2525C9D3007998AE /* Assets.xcassets */; };
		188E036B2525CF48007998AE /* Helpers.swift in Sources */ = {isa = PBXBuildFile; fileRef = 188E036A2525CF48007998AE /* Helpers.swift */; };
		188E036F2525CF68007998AE /* CustomImageView.swift in Sources */ = {isa = PBXBuildFile; fileRef = 188E036E2525CF68007998AE /* CustomImageView.swift */; };
		188E03722525CF8C007998AE /* APIServices.swift in Sources */ = {isa = PBXBuildFile; fileRef = 188E03712525CF8C007998AE /* APIServices.swift */; };
		188E03752525CFA6007998AE /* TimelineModel.swift in Sources */ = {isa = PBXBuildFile; fileRef = 188E03742525CFA6007998AE /* TimelineModel.swift */; };
		188E03782525CFAC007998AE /* GymbleModels.swift in Sources */ = {isa = PBXBuildFile; fileRef = 188E03772525CFAC007998AE /* GymbleModels.swift */; };
		188E037B2525CFAF007998AE /* User.swift in Sources */ = {isa = PBXBuildFile; fileRef = 188E037A2525CFAF007998AE /* User.swift */; };
		188E037E2525CFB1007998AE /* SlotBookingModels.swift in Sources */ = {isa = PBXBuildFile; fileRef = 188E037D2525CFB1007998AE /* SlotBookingModels.swift */; };
		188E03832525CFF3007998AE /* NoMembershipView.swift in Sources */ = {isa = PBXBuildFile; fileRef = 188E03822525CFF3007998AE /* NoMembershipView.swift */; };
		188E03862525CFF7007998AE /* HomeCollectionViewCell.swift in Sources */ = {isa = PBXBuildFile; fileRef = 188E03852525CFF7007998AE /* HomeCollectionViewCell.swift */; };
		188E03892525CFFA007998AE /* GymDetailsMenuBar.swift in Sources */ = {isa = PBXBuildFile; fileRef = 188E03882525CFFA007998AE /* GymDetailsMenuBar.swift */; };
		188E038C2525CFFF007998AE /* OverviewCell.swift in Sources */ = {isa = PBXBuildFile; fileRef = 188E038B2525CFFE007998AE /* OverviewCell.swift */; };
		188E038F2525D002007998AE /* AmenitiesCell.swift in Sources */ = {isa = PBXBuildFile; fileRef = 188E038E2525D002007998AE /* AmenitiesCell.swift */; };
		188E03922525D005007998AE /* TimingsCell.swift in Sources */ = {isa = PBXBuildFile; fileRef = 188E03912525D005007998AE /* TimingsCell.swift */; };
		188E03952525D007007998AE /* TrainersCell.swift in Sources */ = {isa = PBXBuildFile; fileRef = 188E03942525D007007998AE /* TrainersCell.swift */; };
		188E03982525D00A007998AE /* CalendarCell.swift in Sources */ = {isa = PBXBuildFile; fileRef = 188E03972525D00A007998AE /* CalendarCell.swift */; };
		188E039E2525D055007998AE /* TimelineCell.swift in Sources */ = {isa = PBXBuildFile; fileRef = 188E039D2525D055007998AE /* TimelineCell.swift */; };
		188E03A12525D057007998AE /* BookingTicket.swift in Sources */ = {isa = PBXBuildFile; fileRef = 188E03A02525D057007998AE /* BookingTicket.swift */; };
		188E03A42525D059007998AE /* UserProfileDetailsCell.swift in Sources */ = {isa = PBXBuildFile; fileRef = 188E03A32525D059007998AE /* UserProfileDetailsCell.swift */; };
		188E03AB2525D131007998AE /* LoginViewController.swift in Sources */ = {isa = PBXBuildFile; fileRef = 188E03AA2525D131007998AE /* LoginViewController.swift */; };
		188E03AE2525D13D007998AE /* SignUpViewController.swift in Sources */ = {isa = PBXBuildFile; fileRef = 188E03AD2525D13D007998AE /* SignUpViewController.swift */; };
		188E03B12525D147007998AE /* ResetPasswordViewController.swift in Sources */ = {isa = PBXBuildFile; fileRef = 188E03B02525D147007998AE /* ResetPasswordViewController.swift */; };
		188E03B42525D15D007998AE /* TabBarController.swift in Sources */ = {isa = PBXBuildFile; fileRef = 188E03B32525D15D007998AE /* TabBarController.swift */; };
		188E03B72525D16D007998AE /* HomeViewController.swift in Sources */ = {isa = PBXBuildFile; fileRef = 188E03B62525D16D007998AE /* HomeViewController.swift */; };
		188E03BA2525D177007998AE /* ScheduleViewController.swift in Sources */ = {isa = PBXBuildFile; fileRef = 188E03B92525D177007998AE /* ScheduleViewController.swift */; };
		188E03BD2525D180007998AE /* GymDetailsViewController.swift in Sources */ = {isa = PBXBuildFile; fileRef = 188E03BC2525D180007998AE /* GymDetailsViewController.swift */; };
		188E03C02525D187007998AE /* TimelineViewController.swift in Sources */ = {isa = PBXBuildFile; fileRef = 188E03BF2525D187007998AE /* TimelineViewController.swift */; };
		188E03C32525D189007998AE /* UserProfileViewController.swift in Sources */ = {isa = PBXBuildFile; fileRef = 188E03C22525D189007998AE /* UserProfileViewController.swift */; };
		188E03C62525D18D007998AE /* ChangeUserNameViewController.swift in Sources */ = {isa = PBXBuildFile; fileRef = 188E03C52525D18D007998AE /* ChangeUserNameViewController.swift */; };
		188E03CA2525D1BB007998AE /* ChangePhoneViewController.swift in Sources */ = {isa = PBXBuildFile; fileRef = 188E03C92525D1BB007998AE /* ChangePhoneViewController.swift */; };
		188E03CD2525D1BD007998AE /* ScannerViewController.swift in Sources */ = {isa = PBXBuildFile; fileRef = 188E03CC2525D1BD007998AE /* ScannerViewController.swift */; };
		188E03CF2525D1C0007998AE /* FullScreenImageViewController.swift in Sources */ = {isa = PBXBuildFile; fileRef = 188E03CE2525D1C0007998AE /* FullScreenImageViewController.swift */; };
		188E03D52525D33A007998AE /* Alamofire in Frameworks */ = {isa = PBXBuildFile; productRef = 188E03D42525D33A007998AE /* Alamofire */; };
		188E03D92525D3E8007998AE /* IQKeyboardManagerSwift in Frameworks */ = {isa = PBXBuildFile; productRef = 188E03D82525D3E8007998AE /* IQKeyboardManagerSwift */; };
		188E03DF2525D56D007998AE /* Roboto-Light.ttf in Resources */ = {isa = PBXBuildFile; fileRef = 188E03DC2525D56C007998AE /* Roboto-Light.ttf */; };
		188E03E02525D56D007998AE /* Roboto-Medium.ttf in Resources */ = {isa = PBXBuildFile; fileRef = 188E03DD2525D56C007998AE /* Roboto-Medium.ttf */; };
		188E03E12525D56D007998AE /* Roboto-Regular.ttf in Resources */ = {isa = PBXBuildFile; fileRef = 188E03DE2525D56D007998AE /* Roboto-Regular.ttf */; };
		2B6CD32CB9D557B763E33D9A /* Pods_Gymble.framework in Frameworks */ = {isa = PBXBuildFile; fileRef = 40EFEBA195CB5CFF107BD7AA /* Pods_Gymble.framework */; };
/* End PBXBuildFile section */

/* Begin PBXFileReference section */
		0CB9BD0083FDE4F7E94A1BDE /* Pods-Gymble.release.xcconfig */ = {isa = PBXFileReference; includeInIndex = 1; lastKnownFileType = text.xcconfig; name = "Pods-Gymble.release.xcconfig"; path = "Target Support Files/Pods-Gymble/Pods-Gymble.release.xcconfig"; sourceTree = "<group>"; };
		1818869425263E970025F796 /* MembershipListViewController.swift */ = {isa = PBXFileReference; lastKnownFileType = sourcecode.swift; path = MembershipListViewController.swift; sourceTree = "<group>"; };
		181886972526517D0025F796 /* MembershipsListCell.swift */ = {isa = PBXFileReference; lastKnownFileType = sourcecode.swift; path = MembershipsListCell.swift; sourceTree = "<group>"; };
		1818869A25265D7E0025F796 /* GymMembershipPrices.swift */ = {isa = PBXFileReference; lastKnownFileType = sourcecode.swift; path = GymMembershipPrices.swift; sourceTree = "<group>"; };
		1847D6202539A8EF00A74467 /* GoogleService-Info.plist */ = {isa = PBXFileReference; fileEncoding = 4; lastKnownFileType = text.plist.xml; path = "GoogleService-Info.plist"; sourceTree = "<group>"; };
		1854DE1F253DF31400D2CC68 /* GymbleLaunchScreen.storyboard */ = {isa = PBXFileReference; lastKnownFileType = file.storyboard; path = GymbleLaunchScreen.storyboard; sourceTree = "<group>"; };
		187623EB253DB49B00C8448D /* CheckForInternet.swift */ = {isa = PBXFileReference; lastKnownFileType = sourcecode.swift; path = CheckForInternet.swift; sourceTree = "<group>"; };
		188E02F12525C9D1007998AE /* Gymble.app */ = {isa = PBXFileReference; explicitFileType = wrapper.application; includeInIndex = 0; path = Gymble.app; sourceTree = BUILT_PRODUCTS_DIR; };
		188E02F42525C9D1007998AE /* AppDelegate.swift */ = {isa = PBXFileReference; lastKnownFileType = sourcecode.swift; path = AppDelegate.swift; sourceTree = "<group>"; };
		188E02F62525C9D1007998AE /* SceneDelegate.swift */ = {isa = PBXFileReference; lastKnownFileType = sourcecode.swift; path = SceneDelegate.swift; sourceTree = "<group>"; };
		188E02FD2525C9D3007998AE /* Assets.xcassets */ = {isa = PBXFileReference; lastKnownFileType = folder.assetcatalog; path = Assets.xcassets; sourceTree = "<group>"; };
		188E03022525C9D3007998AE /* Info.plist */ = {isa = PBXFileReference; lastKnownFileType = text.plist.xml; path = Info.plist; sourceTree = "<group>"; };
		188E036A2525CF48007998AE /* Helpers.swift */ = {isa = PBXFileReference; lastKnownFileType = sourcecode.swift; path = Helpers.swift; sourceTree = "<group>"; };
		188E036E2525CF68007998AE /* CustomImageView.swift */ = {isa = PBXFileReference; lastKnownFileType = sourcecode.swift; path = CustomImageView.swift; sourceTree = "<group>"; };
		188E03712525CF8C007998AE /* APIServices.swift */ = {isa = PBXFileReference; lastKnownFileType = sourcecode.swift; path = APIServices.swift; sourceTree = "<group>"; };
		188E03742525CFA6007998AE /* TimelineModel.swift */ = {isa = PBXFileReference; lastKnownFileType = sourcecode.swift; path = TimelineModel.swift; sourceTree = "<group>"; };
		188E03772525CFAC007998AE /* GymbleModels.swift */ = {isa = PBXFileReference; lastKnownFileType = sourcecode.swift; path = GymbleModels.swift; sourceTree = "<group>"; };
		188E037A2525CFAF007998AE /* User.swift */ = {isa = PBXFileReference; lastKnownFileType = sourcecode.swift; path = User.swift; sourceTree = "<group>"; };
		188E037D2525CFB1007998AE /* SlotBookingModels.swift */ = {isa = PBXFileReference; lastKnownFileType = sourcecode.swift; path = SlotBookingModels.swift; sourceTree = "<group>"; };
		188E03822525CFF3007998AE /* NoMembershipView.swift */ = {isa = PBXFileReference; lastKnownFileType = sourcecode.swift; path = NoMembershipView.swift; sourceTree = "<group>"; };
		188E03852525CFF7007998AE /* HomeCollectionViewCell.swift */ = {isa = PBXFileReference; lastKnownFileType = sourcecode.swift; path = HomeCollectionViewCell.swift; sourceTree = "<group>"; };
		188E03882525CFFA007998AE /* GymDetailsMenuBar.swift */ = {isa = PBXFileReference; lastKnownFileType = sourcecode.swift; path = GymDetailsMenuBar.swift; sourceTree = "<group>"; };
		188E038B2525CFFE007998AE /* OverviewCell.swift */ = {isa = PBXFileReference; lastKnownFileType = sourcecode.swift; path = OverviewCell.swift; sourceTree = "<group>"; };
		188E038E2525D002007998AE /* AmenitiesCell.swift */ = {isa = PBXFileReference; lastKnownFileType = sourcecode.swift; path = AmenitiesCell.swift; sourceTree = "<group>"; };
		188E03912525D005007998AE /* TimingsCell.swift */ = {isa = PBXFileReference; lastKnownFileType = sourcecode.swift; path = TimingsCell.swift; sourceTree = "<group>"; };
		188E03942525D007007998AE /* TrainersCell.swift */ = {isa = PBXFileReference; lastKnownFileType = sourcecode.swift; path = TrainersCell.swift; sourceTree = "<group>"; };
		188E03972525D00A007998AE /* CalendarCell.swift */ = {isa = PBXFileReference; lastKnownFileType = sourcecode.swift; path = CalendarCell.swift; sourceTree = "<group>"; };
		188E039D2525D055007998AE /* TimelineCell.swift */ = {isa = PBXFileReference; lastKnownFileType = sourcecode.swift; path = TimelineCell.swift; sourceTree = "<group>"; };
		188E03A02525D057007998AE /* BookingTicket.swift */ = {isa = PBXFileReference; lastKnownFileType = sourcecode.swift; path = BookingTicket.swift; sourceTree = "<group>"; };
		188E03A32525D059007998AE /* UserProfileDetailsCell.swift */ = {isa = PBXFileReference; lastKnownFileType = sourcecode.swift; path = UserProfileDetailsCell.swift; sourceTree = "<group>"; };
		188E03AA2525D131007998AE /* LoginViewController.swift */ = {isa = PBXFileReference; lastKnownFileType = sourcecode.swift; path = LoginViewController.swift; sourceTree = "<group>"; };
		188E03AD2525D13D007998AE /* SignUpViewController.swift */ = {isa = PBXFileReference; lastKnownFileType = sourcecode.swift; path = SignUpViewController.swift; sourceTree = "<group>"; };
		188E03B02525D147007998AE /* ResetPasswordViewController.swift */ = {isa = PBXFileReference; lastKnownFileType = sourcecode.swift; path = ResetPasswordViewController.swift; sourceTree = "<group>"; };
		188E03B32525D15D007998AE /* TabBarController.swift */ = {isa = PBXFileReference; lastKnownFileType = sourcecode.swift; path = TabBarController.swift; sourceTree = "<group>"; };
		188E03B62525D16D007998AE /* HomeViewController.swift */ = {isa = PBXFileReference; lastKnownFileType = sourcecode.swift; path = HomeViewController.swift; sourceTree = "<group>"; };
		188E03B92525D177007998AE /* ScheduleViewController.swift */ = {isa = PBXFileReference; lastKnownFileType = sourcecode.swift; path = ScheduleViewController.swift; sourceTree = "<group>"; };
		188E03BC2525D180007998AE /* GymDetailsViewController.swift */ = {isa = PBXFileReference; lastKnownFileType = sourcecode.swift; path = GymDetailsViewController.swift; sourceTree = "<group>"; };
		188E03BF2525D187007998AE /* TimelineViewController.swift */ = {isa = PBXFileReference; lastKnownFileType = sourcecode.swift; path = TimelineViewController.swift; sourceTree = "<group>"; };
		188E03C22525D189007998AE /* UserProfileViewController.swift */ = {isa = PBXFileReference; lastKnownFileType = sourcecode.swift; path = UserProfileViewController.swift; sourceTree = "<group>"; };
		188E03C52525D18D007998AE /* ChangeUserNameViewController.swift */ = {isa = PBXFileReference; lastKnownFileType = sourcecode.swift; path = ChangeUserNameViewController.swift; sourceTree = "<group>"; };
		188E03C92525D1BB007998AE /* ChangePhoneViewController.swift */ = {isa = PBXFileReference; lastKnownFileType = sourcecode.swift; path = ChangePhoneViewController.swift; sourceTree = "<group>"; };
		188E03CC2525D1BD007998AE /* ScannerViewController.swift */ = {isa = PBXFileReference; lastKnownFileType = sourcecode.swift; path = ScannerViewController.swift; sourceTree = "<group>"; };
		188E03CE2525D1C0007998AE /* FullScreenImageViewController.swift */ = {isa = PBXFileReference; lastKnownFileType = sourcecode.swift; path = FullScreenImageViewController.swift; sourceTree = "<group>"; };
		188E03DC2525D56C007998AE /* Roboto-Light.ttf */ = {isa = PBXFileReference; lastKnownFileType = file; path = "Roboto-Light.ttf"; sourceTree = "<group>"; };
		188E03DD2525D56C007998AE /* Roboto-Medium.ttf */ = {isa = PBXFileReference; lastKnownFileType = file; path = "Roboto-Medium.ttf"; sourceTree = "<group>"; };
		188E03DE2525D56D007998AE /* Roboto-Regular.ttf */ = {isa = PBXFileReference; lastKnownFileType = file; path = "Roboto-Regular.ttf"; sourceTree = "<group>"; };
		40EFEBA195CB5CFF107BD7AA /* Pods_Gymble.framework */ = {isa = PBXFileReference; explicitFileType = wrapper.framework; includeInIndex = 0; path = Pods_Gymble.framework; sourceTree = BUILT_PRODUCTS_DIR; };
		FC29076CD68021FA38829B78 /* Pods-Gymble.debug.xcconfig */ = {isa = PBXFileReference; includeInIndex = 1; lastKnownFileType = text.xcconfig; name = "Pods-Gymble.debug.xcconfig"; path = "Target Support Files/Pods-Gymble/Pods-Gymble.debug.xcconfig"; sourceTree = "<group>"; };
/* End PBXFileReference section */

/* Begin PBXFrameworksBuildPhase section */
		188E02EE2525C9D1007998AE /* Frameworks */ = {
			isa = PBXFrameworksBuildPhase;
			buildActionMask = 2147483647;
			files = (
				2B6CD32CB9D557B763E33D9A /* Pods_Gymble.framework in Frameworks */,
				188E03D52525D33A007998AE /* Alamofire in Frameworks */,
				188E03D92525D3E8007998AE /* IQKeyboardManagerSwift in Frameworks */,
			);
			runOnlyForDeploymentPostprocessing = 0;
		};
/* End PBXFrameworksBuildPhase section */

/* Begin PBXGroup section */
		188E02E82525C9D1007998AE = {
			isa = PBXGroup;
			children = (
				188E03DC2525D56C007998AE /* Roboto-Light.ttf */,
				188E03DD2525D56C007998AE /* Roboto-Medium.ttf */,
				188E03DE2525D56D007998AE /* Roboto-Regular.ttf */,
				188E02F32525C9D1007998AE /* Gymble */,
				188E02F22525C9D1007998AE /* Products */,
				C556E0043E62C15C675C236E /* Pods */,
				EF3B46B6792D68D9D520998A /* Frameworks */,
			);
			sourceTree = "<group>";
		};
		188E02F22525C9D1007998AE /* Products */ = {
			isa = PBXGroup;
			children = (
				188E02F12525C9D1007998AE /* Gymble.app */,
			);
			name = Products;
			sourceTree = "<group>";
		};
		188E02F32525C9D1007998AE /* Gymble */ = {
			isa = PBXGroup;
			children = (
				188E03672525CF11007998AE /* Controllers */,
				188E03652525CEFF007998AE /* Views */,
				188E03642525CEF3007998AE /* Models */,
				188E03632525CEE2007998AE /* APIServices */,
				188E03622525CED8007998AE /* Helpers */,
				188E02F42525C9D1007998AE /* AppDelegate.swift */,
				188E02F62525C9D1007998AE /* SceneDelegate.swift */,
				1854DE1F253DF31400D2CC68 /* GymbleLaunchScreen.storyboard */,
				188E02FD2525C9D3007998AE /* Assets.xcassets */,
				188E03022525C9D3007998AE /* Info.plist */,
				1847D6202539A8EF00A74467 /* GoogleService-Info.plist */,
			);
			path = Gymble;
			sourceTree = "<group>";
		};
		188E03622525CED8007998AE /* Helpers */ = {
			isa = PBXGroup;
			children = (
				188E036A2525CF48007998AE /* Helpers.swift */,
				188E036E2525CF68007998AE /* CustomImageView.swift */,
				187623EB253DB49B00C8448D /* CheckForInternet.swift */,
			);
			path = Helpers;
			sourceTree = "<group>";
		};
		188E03632525CEE2007998AE /* APIServices */ = {
			isa = PBXGroup;
			children = (
				188E03712525CF8C007998AE /* APIServices.swift */,
			);
			path = APIServices;
			sourceTree = "<group>";
		};
		188E03642525CEF3007998AE /* Models */ = {
			isa = PBXGroup;
			children = (
				188E03772525CFAC007998AE /* GymbleModels.swift */,
				188E037A2525CFAF007998AE /* User.swift */,
				188E037D2525CFB1007998AE /* SlotBookingModels.swift */,
				188E03742525CFA6007998AE /* TimelineModel.swift */,
				1818869A25265D7E0025F796 /* GymMembershipPrices.swift */,
			);
			path = Models;
			sourceTree = "<group>";
		};
		188E03652525CEFF007998AE /* Views */ = {
			isa = PBXGroup;
			children = (
				188E03852525CFF7007998AE /* HomeCollectionViewCell.swift */,
				188E03882525CFFA007998AE /* GymDetailsMenuBar.swift */,
				188E038B2525CFFE007998AE /* OverviewCell.swift */,
				188E038E2525D002007998AE /* AmenitiesCell.swift */,
				188E03912525D005007998AE /* TimingsCell.swift */,
				188E03942525D007007998AE /* TrainersCell.swift */,
				188E03972525D00A007998AE /* CalendarCell.swift */,
				188E03822525CFF3007998AE /* NoMembershipView.swift */,
				188E039D2525D055007998AE /* TimelineCell.swift */,
				188E03A02525D057007998AE /* BookingTicket.swift */,
				188E03A32525D059007998AE /* UserProfileDetailsCell.swift */,
				181886972526517D0025F796 /* MembershipsListCell.swift */,
			);
			path = Views;
			sourceTree = "<group>";
		};
		188E03672525CF11007998AE /* Controllers */ = {
			isa = PBXGroup;
			children = (
				188E03682525CF22007998AE /* Authentication */,
				188E03B32525D15D007998AE /* TabBarController.swift */,
				188E03B62525D16D007998AE /* HomeViewController.swift */,
				188E03B92525D177007998AE /* ScheduleViewController.swift */,
				188E03BC2525D180007998AE /* GymDetailsViewController.swift */,
				188E03BF2525D187007998AE /* TimelineViewController.swift */,
				188E03C22525D189007998AE /* UserProfileViewController.swift */,
				188E03C52525D18D007998AE /* ChangeUserNameViewController.swift */,
				188E03C92525D1BB007998AE /* ChangePhoneViewController.swift */,
				188E03CC2525D1BD007998AE /* ScannerViewController.swift */,
				188E03CE2525D1C0007998AE /* FullScreenImageViewController.swift */,
				1818869425263E970025F796 /* MembershipListViewController.swift */,
			);
			path = Controllers;
			sourceTree = "<group>";
		};
		188E03682525CF22007998AE /* Authentication */ = {
			isa = PBXGroup;
			children = (
				188E03AA2525D131007998AE /* LoginViewController.swift */,
				188E03AD2525D13D007998AE /* SignUpViewController.swift */,
				188E03B02525D147007998AE /* ResetPasswordViewController.swift */,
			);
			path = Authentication;
			sourceTree = "<group>";
		};
		C556E0043E62C15C675C236E /* Pods */ = {
			isa = PBXGroup;
			children = (
				FC29076CD68021FA38829B78 /* Pods-Gymble.debug.xcconfig */,
				0CB9BD0083FDE4F7E94A1BDE /* Pods-Gymble.release.xcconfig */,
			);
			path = Pods;
			sourceTree = "<group>";
		};
		EF3B46B6792D68D9D520998A /* Frameworks */ = {
			isa = PBXGroup;
			children = (
				40EFEBA195CB5CFF107BD7AA /* Pods_Gymble.framework */,
			);
			name = Frameworks;
			sourceTree = "<group>";
		};
/* End PBXGroup section */

/* Begin PBXNativeTarget section */
		188E02F02525C9D1007998AE /* Gymble */ = {
			isa = PBXNativeTarget;
			buildConfigurationList = 188E03052525C9D3007998AE /* Build configuration list for PBXNativeTarget "Gymble" */;
			buildPhases = (
				E670637A9995D7ED1363889F /* [CP] Check Pods Manifest.lock */,
				188E02ED2525C9D1007998AE /* Sources */,
				188E02EE2525C9D1007998AE /* Frameworks */,
				188E02EF2525C9D1007998AE /* Resources */,
				1F00A214ECE4D1964B52403B /* [CP] Embed Pods Frameworks */,
			);
			buildRules = (
			);
			dependencies = (
			);
			name = Gymble;
			packageProductDependencies = (
				188E03D42525D33A007998AE /* Alamofire */,
				188E03D82525D3E8007998AE /* IQKeyboardManagerSwift */,
			);
			productName = Gymble;
			productReference = 188E02F12525C9D1007998AE /* Gymble.app */;
			productType = "com.apple.product-type.application";
		};
/* End PBXNativeTarget section */

/* Begin PBXProject section */
		188E02E92525C9D1007998AE /* Project object */ = {
			isa = PBXProject;
			attributes = {
				LastSwiftUpdateCheck = 1200;
				LastUpgradeCheck = 1200;
				TargetAttributes = {
					188E02F02525C9D1007998AE = {
						CreatedOnToolsVersion = 12.0.1;
					};
				};
			};
			buildConfigurationList = 188E02EC2525C9D1007998AE /* Build configuration list for PBXProject "Gymble" */;
			compatibilityVersion = "Xcode 9.3";
			developmentRegion = en;
			hasScannedForEncodings = 0;
			knownRegions = (
				en,
				Base,
			);
			mainGroup = 188E02E82525C9D1007998AE;
			packageReferences = (
				188E03D32525D33A007998AE /* XCRemoteSwiftPackageReference "Alamofire" */,
				188E03D72525D3E8007998AE /* XCRemoteSwiftPackageReference "IQKeyboardManager" */,
			);
			productRefGroup = 188E02F22525C9D1007998AE /* Products */;
			projectDirPath = "";
			projectRoot = "";
			targets = (
				188E02F02525C9D1007998AE /* Gymble */,
			);
		};
/* End PBXProject section */

/* Begin PBXResourcesBuildPhase section */
		188E02EF2525C9D1007998AE /* Resources */ = {
			isa = PBXResourcesBuildPhase;
			buildActionMask = 2147483647;
			files = (
				188E02FE2525C9D3007998AE /* Assets.xcassets in Resources */,
				1847D6212539A8EF00A74467 /* GoogleService-Info.plist in Resources */,
				188E03DF2525D56D007998AE /* Roboto-Light.ttf in Resources */,
				1854DE20253DF31400D2CC68 /* GymbleLaunchScreen.storyboard in Resources */,
				188E03E02525D56D007998AE /* Roboto-Medium.ttf in Resources */,
				188E03E12525D56D007998AE /* Roboto-Regular.ttf in Resources */,
			);
			runOnlyForDeploymentPostprocessing = 0;
		};
/* End PBXResourcesBuildPhase section */

/* Begin PBXShellScriptBuildPhase section */
		1F00A214ECE4D1964B52403B /* [CP] Embed Pods Frameworks */ = {
			isa = PBXShellScriptBuildPhase;
			buildActionMask = 2147483647;
			files = (
			);
			inputFileListPaths = (
				"${PODS_ROOT}/Target Support Files/Pods-Gymble/Pods-Gymble-frameworks-${CONFIGURATION}-input-files.xcfilelist",
			);
			name = "[CP] Embed Pods Frameworks";
			outputFileListPaths = (
				"${PODS_ROOT}/Target Support Files/Pods-Gymble/Pods-Gymble-frameworks-${CONFIGURATION}-output-files.xcfilelist",
			);
			runOnlyForDeploymentPostprocessing = 0;
			shellPath = /bin/sh;
			shellScript = "\"${PODS_ROOT}/Target Support Files/Pods-Gymble/Pods-Gymble-frameworks.sh\"\n";
			showEnvVarsInLog = 0;
		};
		E670637A9995D7ED1363889F /* [CP] Check Pods Manifest.lock */ = {
			isa = PBXShellScriptBuildPhase;
			buildActionMask = 2147483647;
			files = (
			);
			inputFileListPaths = (
			);
			inputPaths = (
				"${PODS_PODFILE_DIR_PATH}/Podfile.lock",
				"${PODS_ROOT}/Manifest.lock",
			);
			name = "[CP] Check Pods Manifest.lock";
			outputFileListPaths = (
			);
			outputPaths = (
				"$(DERIVED_FILE_DIR)/Pods-Gymble-checkManifestLockResult.txt",
			);
			runOnlyForDeploymentPostprocessing = 0;
			shellPath = /bin/sh;
			shellScript = "diff \"${PODS_PODFILE_DIR_PATH}/Podfile.lock\" \"${PODS_ROOT}/Manifest.lock\" > /dev/null\nif [ $? != 0 ] ; then\n    # print error to STDERR\n    echo \"error: The sandbox is not in sync with the Podfile.lock. Run 'pod install' or update your CocoaPods installation.\" >&2\n    exit 1\nfi\n# This output is used by Xcode 'outputs' to avoid re-running this script phase.\necho \"SUCCESS\" > \"${SCRIPT_OUTPUT_FILE_0}\"\n";
			showEnvVarsInLog = 0;
		};
/* End PBXShellScriptBuildPhase section */

/* Begin PBXSourcesBuildPhase section */
		188E02ED2525C9D1007998AE /* Sources */ = {
			isa = PBXSourcesBuildPhase;
			buildActionMask = 2147483647;
			files = (
				188E03B72525D16D007998AE /* HomeViewController.swift in Sources */,
				188E03AE2525D13D007998AE /* SignUpViewController.swift in Sources */,
				188E03AB2525D131007998AE /* LoginViewController.swift in Sources */,
				188E03782525CFAC007998AE /* GymbleModels.swift in Sources */,
				188E03A12525D057007998AE /* BookingTicket.swift in Sources */,
				181886982526517D0025F796 /* MembershipsListCell.swift in Sources */,
				188E03A42525D059007998AE /* UserProfileDetailsCell.swift in Sources */,
				188E02F52525C9D1007998AE /* AppDelegate.swift in Sources */,
				188E037E2525CFB1007998AE /* SlotBookingModels.swift in Sources */,
				187623EC253DB49B00C8448D /* CheckForInternet.swift in Sources */,
				188E03922525D005007998AE /* TimingsCell.swift in Sources */,
				188E03C32525D189007998AE /* UserProfileViewController.swift in Sources */,
				188E036F2525CF68007998AE /* CustomImageView.swift in Sources */,
				188E03B42525D15D007998AE /* TabBarController.swift in Sources */,
				188E03C02525D187007998AE /* TimelineViewController.swift in Sources */,
				188E03CF2525D1C0007998AE /* FullScreenImageViewController.swift in Sources */,
				188E036B2525CF48007998AE /* Helpers.swift in Sources */,
				188E03832525CFF3007998AE /* NoMembershipView.swift in Sources */,
				188E03BA2525D177007998AE /* ScheduleViewController.swift in Sources */,
				188E03752525CFA6007998AE /* TimelineModel.swift in Sources */,
				188E03982525D00A007998AE /* CalendarCell.swift in Sources */,
				188E038F2525D002007998AE /* AmenitiesCell.swift in Sources */,
				188E03BD2525D180007998AE /* GymDetailsViewController.swift in Sources */,
				188E038C2525CFFF007998AE /* OverviewCell.swift in Sources */,
				188E039E2525D055007998AE /* TimelineCell.swift in Sources */,
				188E03CD2525D1BD007998AE /* ScannerViewController.swift in Sources */,
				188E03862525CFF7007998AE /* HomeCollectionViewCell.swift in Sources */,
				188E03B12525D147007998AE /* ResetPasswordViewController.swift in Sources */,
				1818869525263E970025F796 /* MembershipListViewController.swift in Sources */,
				188E03C62525D18D007998AE /* ChangeUserNameViewController.swift in Sources */,
				188E037B2525CFAF007998AE /* User.swift in Sources */,
				188E03892525CFFA007998AE /* GymDetailsMenuBar.swift in Sources */,
				1818869B25265D7E0025F796 /* GymMembershipPrices.swift in Sources */,
				188E03CA2525D1BB007998AE /* ChangePhoneViewController.swift in Sources */,
				188E03952525D007007998AE /* TrainersCell.swift in Sources */,
				188E02F72525C9D1007998AE /* SceneDelegate.swift in Sources */,
				188E03722525CF8C007998AE /* APIServices.swift in Sources */,
			);
			runOnlyForDeploymentPostprocessing = 0;
		};
/* End PBXSourcesBuildPhase section */

/* Begin XCBuildConfiguration section */
		188E03032525C9D3007998AE /* Debug */ = {
			isa = XCBuildConfiguration;
			buildSettings = {
				ALWAYS_SEARCH_USER_PATHS = NO;
				CLANG_ANALYZER_NONNULL = YES;
				CLANG_ANALYZER_NUMBER_OBJECT_CONVERSION = YES_AGGRESSIVE;
				CLANG_CXX_LANGUAGE_STANDARD = "gnu++14";
				CLANG_CXX_LIBRARY = "libc++";
				CLANG_ENABLE_MODULES = YES;
				CLANG_ENABLE_OBJC_ARC = YES;
				CLANG_ENABLE_OBJC_WEAK = YES;
				CLANG_WARN_BLOCK_CAPTURE_AUTORELEASING = YES;
				CLANG_WARN_BOOL_CONVERSION = YES;
				CLANG_WARN_COMMA = YES;
				CLANG_WARN_CONSTANT_CONVERSION = YES;
				CLANG_WARN_DEPRECATED_OBJC_IMPLEMENTATIONS = YES;
				CLANG_WARN_DIRECT_OBJC_ISA_USAGE = YES_ERROR;
				CLANG_WARN_DOCUMENTATION_COMMENTS = YES;
				CLANG_WARN_EMPTY_BODY = YES;
				CLANG_WARN_ENUM_CONVERSION = YES;
				CLANG_WARN_INFINITE_RECURSION = YES;
				CLANG_WARN_INT_CONVERSION = YES;
				CLANG_WARN_NON_LITERAL_NULL_CONVERSION = YES;
				CLANG_WARN_OBJC_IMPLICIT_RETAIN_SELF = YES;
				CLANG_WARN_OBJC_LITERAL_CONVERSION = YES;
				CLANG_WARN_OBJC_ROOT_CLASS = YES_ERROR;
				CLANG_WARN_QUOTED_INCLUDE_IN_FRAMEWORK_HEADER = YES;
				CLANG_WARN_RANGE_LOOP_ANALYSIS = YES;
				CLANG_WARN_STRICT_PROTOTYPES = YES;
				CLANG_WARN_SUSPICIOUS_MOVE = YES;
				CLANG_WARN_UNGUARDED_AVAILABILITY = YES_AGGRESSIVE;
				CLANG_WARN_UNREACHABLE_CODE = YES;
				CLANG_WARN__DUPLICATE_METHOD_MATCH = YES;
				COPY_PHASE_STRIP = NO;
				DEBUG_INFORMATION_FORMAT = dwarf;
				ENABLE_STRICT_OBJC_MSGSEND = YES;
				ENABLE_TESTABILITY = YES;
				GCC_C_LANGUAGE_STANDARD = gnu11;
				GCC_DYNAMIC_NO_PIC = NO;
				GCC_NO_COMMON_BLOCKS = YES;
				GCC_OPTIMIZATION_LEVEL = 0;
				GCC_PREPROCESSOR_DEFINITIONS = (
					"DEBUG=1",
					"$(inherited)",
				);
				GCC_WARN_64_TO_32_BIT_CONVERSION = YES;
				GCC_WARN_ABOUT_RETURN_TYPE = YES_ERROR;
				GCC_WARN_UNDECLARED_SELECTOR = YES;
				GCC_WARN_UNINITIALIZED_AUTOS = YES_AGGRESSIVE;
				GCC_WARN_UNUSED_FUNCTION = YES;
				GCC_WARN_UNUSED_VARIABLE = YES;
				IPHONEOS_DEPLOYMENT_TARGET = 12.4;
				MTL_ENABLE_DEBUG_INFO = INCLUDE_SOURCE;
				MTL_FAST_MATH = YES;
				ONLY_ACTIVE_ARCH = YES;
				SDKROOT = iphoneos;
				SWIFT_ACTIVE_COMPILATION_CONDITIONS = DEBUG;
				SWIFT_OPTIMIZATION_LEVEL = "-Onone";
			};
			name = Debug;
		};
		188E03042525C9D3007998AE /* Release */ = {
			isa = XCBuildConfiguration;
			buildSettings = {
				ALWAYS_SEARCH_USER_PATHS = NO;
				CLANG_ANALYZER_NONNULL = YES;
				CLANG_ANALYZER_NUMBER_OBJECT_CONVERSION = YES_AGGRESSIVE;
				CLANG_CXX_LANGUAGE_STANDARD = "gnu++14";
				CLANG_CXX_LIBRARY = "libc++";
				CLANG_ENABLE_MODULES = YES;
				CLANG_ENABLE_OBJC_ARC = YES;
				CLANG_ENABLE_OBJC_WEAK = YES;
				CLANG_WARN_BLOCK_CAPTURE_AUTORELEASING = YES;
				CLANG_WARN_BOOL_CONVERSION = YES;
				CLANG_WARN_COMMA = YES;
				CLANG_WARN_CONSTANT_CONVERSION = YES;
				CLANG_WARN_DEPRECATED_OBJC_IMPLEMENTATIONS = YES;
				CLANG_WARN_DIRECT_OBJC_ISA_USAGE = YES_ERROR;
				CLANG_WARN_DOCUMENTATION_COMMENTS = YES;
				CLANG_WARN_EMPTY_BODY = YES;
				CLANG_WARN_ENUM_CONVERSION = YES;
				CLANG_WARN_INFINITE_RECURSION = YES;
				CLANG_WARN_INT_CONVERSION = YES;
				CLANG_WARN_NON_LITERAL_NULL_CONVERSION = YES;
				CLANG_WARN_OBJC_IMPLICIT_RETAIN_SELF = YES;
				CLANG_WARN_OBJC_LITERAL_CONVERSION = YES;
				CLANG_WARN_OBJC_ROOT_CLASS = YES_ERROR;
				CLANG_WARN_QUOTED_INCLUDE_IN_FRAMEWORK_HEADER = YES;
				CLANG_WARN_RANGE_LOOP_ANALYSIS = YES;
				CLANG_WARN_STRICT_PROTOTYPES = YES;
				CLANG_WARN_SUSPICIOUS_MOVE = YES;
				CLANG_WARN_UNGUARDED_AVAILABILITY = YES_AGGRESSIVE;
				CLANG_WARN_UNREACHABLE_CODE = YES;
				CLANG_WARN__DUPLICATE_METHOD_MATCH = YES;
				COPY_PHASE_STRIP = NO;
				DEBUG_INFORMATION_FORMAT = "dwarf-with-dsym";
				ENABLE_NS_ASSERTIONS = NO;
				ENABLE_STRICT_OBJC_MSGSEND = YES;
				GCC_C_LANGUAGE_STANDARD = gnu11;
				GCC_NO_COMMON_BLOCKS = YES;
				GCC_WARN_64_TO_32_BIT_CONVERSION = YES;
				GCC_WARN_ABOUT_RETURN_TYPE = YES_ERROR;
				GCC_WARN_UNDECLARED_SELECTOR = YES;
				GCC_WARN_UNINITIALIZED_AUTOS = YES_AGGRESSIVE;
				GCC_WARN_UNUSED_FUNCTION = YES;
				GCC_WARN_UNUSED_VARIABLE = YES;
				IPHONEOS_DEPLOYMENT_TARGET = 12.4;
				MTL_ENABLE_DEBUG_INFO = NO;
				MTL_FAST_MATH = YES;
				SDKROOT = iphoneos;
				SWIFT_COMPILATION_MODE = wholemodule;
				SWIFT_OPTIMIZATION_LEVEL = "-O";
				VALIDATE_PRODUCT = YES;
			};
			name = Release;
		};
		188E03062525C9D3007998AE /* Debug */ = {
			isa = XCBuildConfiguration;
			baseConfigurationReference = FC29076CD68021FA38829B78 /* Pods-Gymble.debug.xcconfig */;
			buildSettings = {
				ASSETCATALOG_COMPILER_APPICON_NAME = AppIcon;
				ASSETCATALOG_COMPILER_GLOBAL_ACCENT_COLOR_NAME = AccentColor;
				CODE_SIGN_ENTITLEMENTS = Gymble/Gymble.entitlements;
				CODE_SIGN_IDENTITY = "Apple Development";
				CODE_SIGN_STYLE = Automatic;
				CURRENT_PROJECT_VERSION = 1.1.0;
				DEVELOPMENT_TEAM = 24RH386RN6;
				INFOPLIST_FILE = Gymble/Info.plist;
				IPHONEOS_DEPLOYMENT_TARGET = 12.4;
				LD_RUNPATH_SEARCH_PATHS = (
					"$(inherited)",
					"@executable_path/Frameworks",
				);
				MARKETING_VERSION = 1.1;
				PRODUCT_BUNDLE_IDENTIFIER = in.gymble.gymbleios;
				PRODUCT_NAME = "$(TARGET_NAME)";
				PROVISIONING_PROFILE_SPECIFIER = "";
				SWIFT_VERSION = 5.0;
				TARGETED_DEVICE_FAMILY = "1,2";
			};
			name = Debug;
		};
		188E03072525C9D3007998AE /* Release */ = {
			isa = XCBuildConfiguration;
			baseConfigurationReference = 0CB9BD0083FDE4F7E94A1BDE /* Pods-Gymble.release.xcconfig */;
			buildSettings = {
				ASSETCATALOG_COMPILER_APPICON_NAME = AppIcon;
				ASSETCATALOG_COMPILER_GLOBAL_ACCENT_COLOR_NAME = AccentColor;
				CODE_SIGN_ENTITLEMENTS = Gymble/Gymble.entitlements;
				CODE_SIGN_IDENTITY = "Apple Development";
				CODE_SIGN_STYLE = Automatic;
				CURRENT_PROJECT_VERSION = 1.1.0;
				DEVELOPMENT_TEAM = 24RH386RN6;
				INFOPLIST_FILE = Gymble/Info.plist;
				IPHONEOS_DEPLOYMENT_TARGET = 12.4;
				LD_RUNPATH_SEARCH_PATHS = (
					"$(inherited)",
					"@executable_path/Frameworks",
				);
				MARKETING_VERSION = 1.1;
				PRODUCT_BUNDLE_IDENTIFIER = in.gymble.gymbleios;
				PRODUCT_NAME = "$(TARGET_NAME)";
				PROVISIONING_PROFILE_SPECIFIER = "";
				SWIFT_VERSION = 5.0;
				TARGETED_DEVICE_FAMILY = "1,2";
			};
			name = Release;
		};
/* End XCBuildConfiguration section */

/* Begin XCConfigurationList section */
		188E02EC2525C9D1007998AE /* Build configuration list for PBXProject "Gymble" */ = {
			isa = XCConfigurationList;
			buildConfigurations = (
				188E03032525C9D3007998AE /* Debug */,
				188E03042525C9D3007998AE /* Release */,
			);
			defaultConfigurationIsVisible = 0;
			defaultConfigurationName = Release;
		};
		188E03052525C9D3007998AE /* Build configuration list for PBXNativeTarget "Gymble" */ = {
			isa = XCConfigurationList;
			buildConfigurations = (
				188E03062525C9D3007998AE /* Debug */,
				188E03072525C9D3007998AE /* Release */,
			);
			defaultConfigurationIsVisible = 0;
			defaultConfigurationName = Release;
		};
/* End XCConfigurationList section */

/* Begin XCRemoteSwiftPackageReference section */
		188E03D32525D33A007998AE /* XCRemoteSwiftPackageReference "Alamofire" */ = {
			isa = XCRemoteSwiftPackageReference;
			repositoryURL = "https://github.com/Alamofire/Alamofire.git";
			requirement = {
				kind = upToNextMajorVersion;
				minimumVersion = 5.2.2;
			};
		};
		188E03D72525D3E8007998AE /* XCRemoteSwiftPackageReference "IQKeyboardManager" */ = {
			isa = XCRemoteSwiftPackageReference;
			repositoryURL = "https://github.com/hackiftekhar/IQKeyboardManager.git";
			requirement = {
				kind = upToNextMajorVersion;
				minimumVersion = 6.5.6;
			};
		};
/* End XCRemoteSwiftPackageReference section */

/* Begin XCSwiftPackageProductDependency section */
		188E03D42525D33A007998AE /* Alamofire */ = {
			isa = XCSwiftPackageProductDependency;
			package = 188E03D32525D33A007998AE /* XCRemoteSwiftPackageReference "Alamofire" */;
			productName = Alamofire;
		};
		188E03D82525D3E8007998AE /* IQKeyboardManagerSwift */ = {
			isa = XCSwiftPackageProductDependency;
			package = 188E03D72525D3E8007998AE /* XCRemoteSwiftPackageReference "IQKeyboardManager" */;
			productName = IQKeyboardManagerSwift;
		};
/* End XCSwiftPackageProductDependency section */
	};
	rootObject = 188E02E92525C9D1007998AE /* Project object */;
}
